
Microsoft Visual Studio Solution File, Format Version 12.00
# Visual Studio Version 17
VisualStudioVersion = 17.3.32825.248
MinimumVisualStudioVersion = 10.0.40219.1
Project("{9A19103F-16F7-4668-BE54-9A1E7A4F7556}") = "Ex07_EntityFramework", "Ex07_EntityFramework\Ex07_EntityFramework.csproj", "{196B13E4-FA7C-4EDE-A94E-313FB266994C}"
EndProject
Global
	GlobalSection(SolutionConfigurationPlatforms) = preSolution
		Debug|Any CPU = Debug|Any CPU
		Release|Any CPU = Release|Any CPU
	EndGlobalSection
	GlobalSection(ProjectConfigurationPlatforms) = postSolution
		{196B13E4-FA7C-4EDE-A94E-313FB266994C}.Debug|Any CPU.ActiveCfg = Debug|Any CPU
		{196B13E4-FA7C-4EDE-A94E-313FB266994C}.Debug|Any CPU.Build.0 = Debug|Any CPU
		{196B13E4-FA7C-4EDE-A94E-313FB266994C}.Release|Any CPU.ActiveCfg = Release|Any CPU
		{196B13E4-FA7C-4EDE-A94E-313FB266994C}.Release|Any CPU.Build.0 = Release|Any CPU
	EndGlobalSection
	GlobalSection(SolutionProperties) = preSolution
		HideSolutionNode = FALSE
	EndGlobalSection
	GlobalSection(ExtensibilityGlobals) = postSolution
		SolutionGuid = {4DF38294-7666-4C42-A1A2-3F48B75DD279}
	EndGlobalSection
EndGlobal
